
Microsoft Visual Studio Solution File, Format Version 12.00
# Visual Studio Version 16
VisualStudioVersion = 16.0.30611.23
MinimumVisualStudioVersion = 10.0.40219.1
Project("{9A19103F-16F7-4668-BE54-9A1E7A4F7556}") = "ExampleSimpleReadRkiData", "ExampleSimpleReadRkiData\ExampleSimpleReadRkiData.csproj", "{8159F384-3068-4EE2-9564-3F86F9563BB5}"
EndProject
Global
	GlobalSection(SolutionConfigurationPlatforms) = preSolution
		Debug|Any CPU = Debug|Any CPU
		Release|Any CPU = Release|Any CPU
	EndGlobalSection
	GlobalSection(ProjectConfigurationPlatforms) = postSolution
		{8159F384-3068-4EE2-9564-3F86F9563BB5}.Debug|Any CPU.ActiveCfg = Debug|Any CPU
		{8159F384-3068-4EE2-9564-3F86F9563BB5}.Debug|Any CPU.Build.0 = Debug|Any CPU
		{8159F384-3068-4EE2-9564-3F86F9563BB5}.Release|Any CPU.ActiveCfg = Release|Any CPU
		{8159F384-3068-4EE2-9564-3F86F9563BB5}.Release|Any CPU.Build.0 = Release|Any CPU
	EndGlobalSection
	GlobalSection(SolutionProperties) = preSolution
		HideSolutionNode = FALSE
	EndGlobalSection
	GlobalSection(ExtensibilityGlobals) = postSolution
		SolutionGuid = {A7B16215-322D-4428-957E-0671A589D397}
	EndGlobalSection
EndGlobal
